// !$*UTF8*$!
{
	archiveVersion = 1;
	classes = {
	};
	objectVersion = 50;
	objects = {

/* Begin PBXBuildFile section */
		A6F2C3C420B801B200120DD9 /* main.m in Sources */ = {isa = PBXBuildFile; fileRef = A6F2C3C320B801B200120DD9 /* main.m */; };
		A6F2C3D120B8027000120DD9 /* FKLogger.h in Sources */ = {isa = PBXBuildFile; fileRef = A6F2C3CE20B801EE00120DD9 /* FKLogger.h */; };
		A6F2C3D220B8027000120DD9 /* FKLogger.m in Sources */ = {isa = PBXBuildFile; fileRef = A6F2C3CB20B801EE00120DD9 /* FKLogger.m */; };
		A6F2C3D320B8027000120DD9 /* FKLog.h in Sources */ = {isa = PBXBuildFile; fileRef = A6F2C3D020B801EE00120DD9 /* FKLog.h */; };
		A6F2C3D420B8027000120DD9 /* FKLog.m in Sources */ = {isa = PBXBuildFile; fileRef = A6F2C3CD20B801EE00120DD9 /* FKLog.m */; };
		A6F2C3D520B8027000120DD9 /* FKLoggerConfiguration.h in Sources */ = {isa = PBXBuildFile; fileRef = A6F2C3CC20B801EE00120DD9 /* FKLoggerConfiguration.h */; };
		A6F2C3D620B8027000120DD9 /* FKLoggerConfiguration.m in Sources */ = {isa = PBXBuildFile; fileRef = A6F2C3CF20B801EE00120DD9 /* FKLoggerConfiguration.m */; };
/* End PBXBuildFile section */

/* Begin PBXCopyFilesBuildPhase section */
		A6F2C3BE20B801B200120DD9 /* CopyFiles */ = {
			isa = PBXCopyFilesBuildPhase;
			buildActionMask = 2147483647;
			dstPath = /usr/share/man/man1/;
			dstSubfolderSpec = 0;
			files = (
			);
			runOnlyForDeploymentPostprocessing = 1;
		};
/* End PBXCopyFilesBuildPhase section */

/* Begin PBXFileReference section */
		A6F2C3C020B801B200120DD9 /* FKLoggerDemo */ = {isa = PBXFileReference; explicitFileType = "compiled.mach-o.executable"; includeInIndex = 0; path = FKLoggerDemo; sourceTree = BUILT_PRODUCTS_DIR; };
		A6F2C3C320B801B200120DD9 /* main.m */ = {isa = PBXFileReference; lastKnownFileType = sourcecode.c.objc; path = main.m; sourceTree = "<group>"; };
		A6F2C3CB20B801EE00120DD9 /* FKLogger.m */ = {isa = PBXFileReference; lastKnownFileType = sourcecode.c.objc; path = FKLogger.m; sourceTree = "<group>"; };
		A6F2C3CC20B801EE00120DD9 /* FKLoggerConfiguration.h */ = {isa = PBXFileReference; lastKnownFileType = sourcecode.c.h; path = FKLoggerConfiguration.h; sourceTree = "<group>"; };
		A6F2C3CD20B801EE00120DD9 /* FKLog.m */ = {isa = PBXFileReference; lastKnownFileType = sourcecode.c.objc; path = FKLog.m; sourceTree = "<group>"; };
		A6F2C3CE20B801EE00120DD9 /* FKLogger.h */ = {isa = PBXFileReference; lastKnownFileType = sourcecode.c.h; path = FKLogger.h; sourceTree = "<group>"; };
		A6F2C3CF20B801EE00120DD9 /* FKLoggerConfiguration.m */ = {isa = PBXFileReference; lastKnownFileType = sourcecode.c.objc; path = FKLoggerConfiguration.m; sourceTree = "<group>"; };
		A6F2C3D020B801EE00120DD9 /* FKLog.h */ = {isa = PBXFileReference; lastKnownFileType = sourcecode.c.h; path = FKLog.h; sourceTree = "<group>"; };
/* End PBXFileReference section */

/* Begin PBXFrameworksBuildPhase section */
		A6F2C3BD20B801B200120DD9 /* Frameworks */ = {
			isa = PBXFrameworksBuildPhase;
			buildActionMask = 2147483647;
			files = (
			);
			runOnlyForDeploymentPostprocessing = 0;
		};
/* End PBXFrameworksBuildPhase section */

/* Begin PBXGroup section */
		A6F2C3B720B801B200120DD9 = {
			isa = PBXGroup;
			children = (
				A6F2C3C220B801B200120DD9 /* FKLoggerDemo */,
				A6F2C3C120B801B200120DD9 /* Products */,
			);
			sourceTree = "<group>";
		};
		A6F2C3C120B801B200120DD9 /* Products */ = {
			isa = PBXGroup;
			children = (
				A6F2C3C020B801B200120DD9 /* FKLoggerDemo */,
			);
			name = Products;
			sourceTree = "<group>";
		};
		A6F2C3C220B801B200120DD9 /* FKLoggerDemo */ = {
			isa = PBXGroup;
			children = (
				A6F2C3CA20B801EE00120DD9 /* FKLogger */,
				A6F2C3C320B801B200120DD9 /* main.m */,
			);
			path = FKLoggerDemo;
			sourceTree = "<group>";
		};
		A6F2C3CA20B801EE00120DD9 /* FKLogger */ = {
			isa = PBXGroup;
			children = (
				A6F2C3CE20B801EE00120DD9 /* FKLogger.h */,
				A6F2C3CB20B801EE00120DD9 /* FKLogger.m */,
				A6F2C3D020B801EE00120DD9 /* FKLog.h */,
				A6F2C3CD20B801EE00120DD9 /* FKLog.m */,
				A6F2C3CC20B801EE00120DD9 /* FKLoggerConfiguration.h */,
				A6F2C3CF20B801EE00120DD9 /* FKLoggerConfiguration.m */,
			);
			name = FKLogger;
			path = ../../FKLogger;
			sourceTree = "<group>";
		};
/* End PBXGroup section */

/* Begin PBXNativeTarget section */
		A6F2C3BF20B801B200120DD9 /* FKLoggerDemo */ = {
			isa = PBXNativeTarget;
			buildConfigurationList = A6F2C3C720B801B200120DD9 /* Build configuration list for PBXNativeTarget "FKLoggerDemo" */;
			buildPhases = (
				A6F2C3BC20B801B200120DD9 /* Sources */,
				A6F2C3BD20B801B200120DD9 /* Frameworks */,
				A6F2C3BE20B801B200120DD9 /* CopyFiles */,
			);
			buildRules = (
			);
			dependencies = (
			);
			name = FKLoggerDemo;
			productName = FKLoggerDemo;
			productReference = A6F2C3C020B801B200120DD9 /* FKLoggerDemo */;
			productType = "com.apple.product-type.tool";
		};
/* End PBXNativeTarget section */

/* Begin PBXProject section */
		A6F2C3B820B801B200120DD9 /* Project object */ = {
			isa = PBXProject;
			attributes = {
				LastUpgradeCheck = 0930;
				ORGANIZATIONNAME = "Doge Studio";
				TargetAttributes = {
					A6F2C3BF20B801B200120DD9 = {
						CreatedOnToolsVersion = 9.3.1;
					};
				};
			};
			buildConfigurationList = A6F2C3BB20B801B200120DD9 /* Build configuration list for PBXProject "FKLoggerDemo" */;
			compatibilityVersion = "Xcode 9.3";
			developmentRegion = en;
			hasScannedForEncodings = 0;
			knownRegions = (
				en,
			);
			mainGroup = A6F2C3B720B801B200120DD9;
			productRefGroup = A6F2C3C120B801B200120DD9 /* Products */;
			projectDirPath = "";
			projectRoot = "";
			targets = (
				A6F2C3BF20B801B200120DD9 /* FKLoggerDemo */,
			);
		};
/* End PBXProject section */

/* Begin PBXSourcesBuildPhase section */
		A6F2C3BC20B801B200120DD9 /* Sources */ = {
			isa = PBXSourcesBuildPhase;
			buildActionMask = 2147483647;
			files = (
				A6F2C3D120B8027000120DD9 /* FKLogger.h in Sources */,
				A6F2C3D220B8027000120DD9 /* FKLogger.m in Sources */,
				A6F2C3D320B8027000120DD9 /* FKLog.h in Sources */,
				A6F2C3D420B8027000120DD9 /* FKLog.m in Sources */,
				A6F2C3D520B8027000120DD9 /* FKLoggerConfiguration.h in Sources */,
				A6F2C3D620B8027000120DD9 /* FKLoggerConfiguration.m in Sources */,
				A6F2C3C420B801B200120DD9 /* main.m in Sources */,
			);
			runOnlyForDeploymentPostprocessing = 0;
		};
/* End PBXSourcesBuildPhase section */

/* Begin XCBuildConfiguration section */
		A6F2C3C520B801B200120DD9 /* Debug */ = {
			isa = XCBuildConfiguration;
			buildSettings = {
				ALWAYS_SEARCH_USER_PATHS = NO;
				CLANG_ANALYZER_NONNULL = YES;
				CLANG_ANALYZER_NUMBER_OBJECT_CONVERSION = YES_AGGRESSIVE;
				CLANG_CXX_LANGUAGE_STANDARD = "gnu++14";
				CLANG_CXX_LIBRARY = "libc++";
				CLANG_ENABLE_MODULES = YES;
				CLANG_ENABLE_OBJC_ARC = YES;
				CLANG_ENABLE_OBJC_WEAK = YES;
				CLANG_WARN_BLOCK_CAPTURE_AUTORELEASING = YES;
				CLANG_WARN_BOOL_CONVERSION = YES;
				CLANG_WARN_COMMA = YES;
				CLANG_WARN_CONSTANT_CONVERSION = YES;
				CLANG_WARN_DEPRECATED_OBJC_IMPLEMENTATIONS = YES;
				CLANG_WARN_DIRECT_OBJC_ISA_USAGE = YES_ERROR;
				CLANG_WARN_DOCUMENTATION_COMMENTS = YES;
				CLANG_WARN_EMPTY_BODY = YES;
				CLANG_WARN_ENUM_CONVERSION = YES;
				CLANG_WARN_INFINITE_RECURSION = YES;
				CLANG_WARN_INT_CONVERSION = YES;
				CLANG_WARN_NON_LITERAL_NULL_CONVERSION = YES;
				CLANG_WARN_OBJC_IMPLICIT_RETAIN_SELF = YES;
				CLANG_WARN_OBJC_LITERAL_CONVERSION = YES;
				CLANG_WARN_OBJC_ROOT_CLASS = YES_ERROR;
				CLANG_WARN_RANGE_LOOP_ANALYSIS = YES;
				CLANG_WARN_STRICT_PROTOTYPES = YES;
				CLANG_WARN_SUSPICIOUS_MOVE = YES;
				CLANG_WARN_UNGUARDED_AVAILABILITY = YES_AGGRESSIVE;
				CLANG_WARN_UNREACHABLE_CODE = YES;
				CLANG_WARN__DUPLICATE_METHOD_MATCH = YES;
				CODE_SIGN_IDENTITY = "Mac Developer";
				COPY_PHASE_STRIP = NO;
				DEBUG_INFORMATION_FORMAT = dwarf;
				ENABLE_STRICT_OBJC_MSGSEND = YES;
				ENABLE_TESTABILITY = YES;
				GCC_C_LANGUAGE_STANDARD = gnu11;
				GCC_DYNAMIC_NO_PIC = NO;
				GCC_NO_COMMON_BLOCKS = YES;
				GCC_OPTIMIZATION_LEVEL = 0;
				GCC_PREPROCESSOR_DEFINITIONS = (
					"DEBUG=1",
					"$(inherited)",
				);
				GCC_WARN_64_TO_32_BIT_CONVERSION = YES;
				GCC_WARN_ABOUT_RETURN_TYPE = YES_ERROR;
				GCC_WARN_UNDECLARED_SELECTOR = YES;
				GCC_WARN_UNINITIALIZED_AUTOS = YES_AGGRESSIVE;
				GCC_WARN_UNUSED_FUNCTION = YES;
				GCC_WARN_UNUSED_VARIABLE = YES;
				MACOSX_DEPLOYMENT_TARGET = 10.13;
				MTL_ENABLE_DEBUG_INFO = YES;
				ONLY_ACTIVE_ARCH = YES;
				SDKROOT = macosx;
			};
			name = Debug;
		};
		A6F2C3C620B801B200120DD9 /* Release */ = {
			isa = XCBuildConfiguration;
			buildSettings = {
				ALWAYS_SEARCH_USER_PATHS = NO;
				CLANG_ANALYZER_NONNULL = YES;
				CLANG_ANALYZER_NUMBER_OBJECT_CONVERSION = YES_AGGRESSIVE;
				CLANG_CXX_LANGUAGE_STANDARD = "gnu++14";
				CLANG_CXX_LIBRARY = "libc++";
				CLANG_ENABLE_MODULES = YES;
				CLANG_ENABLE_OBJC_ARC = YES;
				CLANG_ENABLE_OBJC_WEAK = YES;
				CLANG_WARN_BLOCK_CAPTURE_AUTORELEASING = YES;
				CLANG_WARN_BOOL_CONVERSION = YES;
				CLANG_WARN_COMMA = YES;
				CLANG_WARN_CONSTANT_CONVERSION = YES;
				CLANG_WARN_DEPRECATED_OBJC_IMPLEMENTATIONS = YES;
				CLANG_WARN_DIRECT_OBJC_ISA_USAGE = YES_ERROR;
				CLANG_WARN_DOCUMENTATION_COMMENTS = YES;
				CLANG_WARN_EMPTY_BODY = YES;
				CLANG_WARN_ENUM_CONVERSION = YES;
				CLANG_WARN_INFINITE_RECURSION = YES;
				CLANG_WARN_INT_CONVERSION = YES;
				CLANG_WARN_NON_LITERAL_NULL_CONVERSION = YES;
				CLANG_WARN_OBJC_IMPLICIT_RETAIN_SELF = YES;
				CLANG_WARN_OBJC_LITERAL_CONVERSION = YES;
				CLANG_WARN_OBJC_ROOT_CLASS = YES_ERROR;
				CLANG_WARN_RANGE_LOOP_ANALYSIS = YES;
				CLANG_WARN_STRICT_PROTOTYPES = YES;
				CLANG_WARN_SUSPICIOUS_MOVE = YES;
				CLANG_WARN_UNGUARDED_AVAILABILITY = YES_AGGRESSIVE;
				CLANG_WARN_UNREACHABLE_CODE = YES;
				CLANG_WARN__DUPLICATE_METHOD_MATCH = YES;
				CODE_SIGN_IDENTITY = "Mac Developer";
				COPY_PHASE_STRIP = NO;
				DEBUG_INFORMATION_FORMAT = "dwarf-with-dsym";
				ENABLE_NS_ASSERTIONS = NO;
				ENABLE_STRICT_OBJC_MSGSEND = YES;
				GCC_C_LANGUAGE_STANDARD = gnu11;
				GCC_NO_COMMON_BLOCKS = YES;
				GCC_WARN_64_TO_32_BIT_CONVERSION = YES;
				GCC_WARN_ABOUT_RETURN_TYPE = YES_ERROR;
				GCC_WARN_UNDECLARED_SELECTOR = YES;
				GCC_WARN_UNINITIALIZED_AUTOS = YES_AGGRESSIVE;
				GCC_WARN_UNUSED_FUNCTION = YES;
				GCC_WARN_UNUSED_VARIABLE = YES;
				MACOSX_DEPLOYMENT_TARGET = 10.13;
				MTL_ENABLE_DEBUG_INFO = NO;
				SDKROOT = macosx;
			};
			name = Release;
		};
		A6F2C3C820B801B200120DD9 /* Debug */ = {
			isa = XCBuildConfiguration;
			buildSettings = {
				CODE_SIGN_STYLE = Automatic;
				DEVELOPMENT_TEAM = 77M64ZZJGP;
				PRODUCT_NAME = "$(TARGET_NAME)";
			};
			name = Debug;
		};
		A6F2C3C920B801B200120DD9 /* Release */ = {
			isa = XCBuildConfiguration;
			buildSettings = {
				CODE_SIGN_STYLE = Automatic;
				DEVELOPMENT_TEAM = 77M64ZZJGP;
				PRODUCT_NAME = "$(TARGET_NAME)";
			};
			name = Release;
		};
/* End XCBuildConfiguration section */

/* Begin XCConfigurationList section */
		A6F2C3BB20B801B200120DD9 /* Build configuration list for PBXProject "FKLoggerDemo" */ = {
			isa = XCConfigurationList;
			buildConfigurations = (
				A6F2C3C520B801B200120DD9 /* Debug */,
				A6F2C3C620B801B200120DD9 /* Release */,
			);
			defaultConfigurationIsVisible = 0;
			defaultConfigurationName = Release;
		};
		A6F2C3C720B801B200120DD9 /* Build configuration list for PBXNativeTarget "FKLoggerDemo" */ = {
			isa = XCConfigurationList;
			buildConfigurations = (
				A6F2C3C820B801B200120DD9 /* Debug */,
				A6F2C3C920B801B200120DD9 /* Release */,
			);
			defaultConfigurationIsVisible = 0;
			defaultConfigurationName = Release;
		};
/* End XCConfigurationList section */
	};
	rootObject = A6F2C3B820B801B200120DD9 /* Project object */;
}
